
Microsoft Visual Studio Solution File, Format Version 12.00
# Visual Studio 15
VisualStudioVersion = 15.0.28307.539
MinimumVisualStudioVersion = 10.0.40219.1
Project("{FAE04EC0-301F-11D3-BF4B-00C04F79EFBC}") = "WebStore", "WebStore\WebStore.csproj", "{989CAF67-3A2A-4940-A906-2087FA16041F}"
EndProject
Global
	GlobalSection(SolutionConfigurationPlatforms) = preSolution
		Debug|Any CPU = Debug|Any CPU
		Release|Any CPU = Release|Any CPU
	EndGlobalSection
	GlobalSection(ProjectConfigurationPlatforms) = postSolution
		{989CAF67-3A2A-4940-A906-2087FA16041F}.Debug|Any CPU.ActiveCfg = Debug|Any CPU
		{989CAF67-3A2A-4940-A906-2087FA16041F}.Debug|Any CPU.Build.0 = Debug|Any CPU
		{989CAF67-3A2A-4940-A906-2087FA16041F}.Release|Any CPU.ActiveCfg = Release|Any CPU
		{989CAF67-3A2A-4940-A906-2087FA16041F}.Release|Any CPU.Build.0 = Release|Any CPU
	EndGlobalSection
	GlobalSection(SolutionProperties) = preSolution
		HideSolutionNode = FALSE
	EndGlobalSection
	GlobalSection(ExtensibilityGlobals) = postSolution
		SolutionGuid = {4E50736C-937D-41A4-B9AA-F79FFDB6A160}
	EndGlobalSection
EndGlobal
